// !$*UTF8*$!
{
	archiveVersion = 1;
	classes = {
	};
	objectVersion = 77;
	objects = {

/* Begin PBXContainerItemProxy section */
		74EDFB4D2DB61EB20020FEAF /* PBXContainerItemProxy */ = {
			isa = PBXContainerItemProxy;
			containerPortal = 74EDFB372DB61EA70020FEAF /* Project object */;
			proxyType = 1;
			remoteGlobalIDString = 74EDFB3E2DB61EA70020FEAF;
			remoteInfo = FantasyApp;
		};
		74EDFB572DB61EB20020FEAF /* PBXContainerItemProxy */ = {
			isa = PBXContainerItemProxy;
			containerPortal = 74EDFB372DB61EA70020FEAF /* Project object */;
			proxyType = 1;
			remoteGlobalIDString = 74EDFB3E2DB61EA70020FEAF;
			remoteInfo = FantasyApp;
		};
/* End PBXContainerItemProxy section */

/* Begin PBXFileReference section */
		74EDFB3F2DB61EA80020FEAF /* FantasyApp.app */ = {isa = PBXFileReference; explicitFileType = wrapper.application; includeInIndex = 0; path = FantasyApp.app; sourceTree = BUILT_PRODUCTS_DIR; };
		74EDFB4C2DB61EB20020FEAF /* FantasyAppTests.xctest */ = {isa = PBXFileReference; explicitFileType = wrapper.cfbundle; includeInIndex = 0; path = FantasyAppTests.xctest; sourceTree = BUILT_PRODUCTS_DIR; };
		74EDFB562DB61EB20020FEAF /* FantasyAppUITests.xctest */ = {isa = PBXFileReference; explicitFileType = wrapper.cfbundle; includeInIndex = 0; path = FantasyAppUITests.xctest; sourceTree = BUILT_PRODUCTS_DIR; };
/* End PBXFileReference section */

/* Begin PBXFileSystemSynchronizedRootGroup section */
		74EDFB412DB61EA80020FEAF /* FantasyApp */ = {
			isa = PBXFileSystemSynchronizedRootGroup;
			path = FantasyApp;
			sourceTree = "<group>";
		};
		74EDFB4F2DB61EB20020FEAF /* FantasyAppTests */ = {
			isa = PBXFileSystemSynchronizedRootGroup;
			path = FantasyAppTests;
			sourceTree = "<group>";
		};
		74EDFB592DB61EB20020FEAF /* FantasyAppUITests */ = {
			isa = PBXFileSystemSynchronizedRootGroup;
			path = FantasyAppUITests;
			sourceTree = "<group>";
		};
/* End PBXFileSystemSynchronizedRootGroup section */

/* Begin PBXFrameworksBuildPhase section */
		74EDFB3C2DB61EA70020FEAF /* Frameworks */ = {
			isa = PBXFrameworksBuildPhase;
			buildActionMask = 2147483647;
			files = (
			);
			runOnlyForDeploymentPostprocessing = 0;
		};
		74EDFB492DB61EB20020FEAF /* Frameworks */ = {
			isa = PBXFrameworksBuildPhase;
			buildActionMask = 2147483647;
			files = (
			);
			runOnlyForDeploymentPostprocessing = 0;
		};
		74EDFB532DB61EB20020FEAF /* Frameworks */ = {
			isa = PBXFrameworksBuildPhase;
			buildActionMask = 2147483647;
			files = (
			);
			runOnlyForDeploymentPostprocessing = 0;
		};
/* End PBXFrameworksBuildPhase section */

/* Begin PBXGroup section */
		74EDFB362DB61EA70020FEAF = {
			isa = PBXGroup;
			children = (
				74EDFB412DB61EA80020FEAF /* FantasyApp */,
				74EDFB4F2DB61EB20020FEAF /* FantasyAppTests */,
				74EDFB592DB61EB20020FEAF /* FantasyAppUITests */,
				74EDFB402DB61EA80020FEAF /* Products */,
			);
			sourceTree = "<group>";
		};
		74EDFB402DB61EA80020FEAF /* Products */ = {
			isa = PBXGroup;
			children = (
				74EDFB3F2DB61EA80020FEAF /* FantasyApp.app */,
				74EDFB4C2DB61EB20020FEAF /* FantasyAppTests.xctest */,
				74EDFB562DB61EB20020FEAF /* FantasyAppUITests.xctest */,
			);
			name = Products;
			sourceTree = "<group>";
		};
/* End PBXGroup section */

/* Begin PBXNativeTarget section */
		74EDFB3E2DB61EA70020FEAF /* FantasyApp */ = {
			isa = PBXNativeTarget;
			buildConfigurationList = 74EDFB602DB61EB20020FEAF /* Build configuration list for PBXNativeTarget "FantasyApp" */;
			buildPhases = (
				74EDFB3B2DB61EA70020FEAF /* Sources */,
				74EDFB3C2DB61EA70020FEAF /* Frameworks */,
				74EDFB3D2DB61EA70020FEAF /* Resources */,
			);
			buildRules = (
			);
			dependencies = (
			);
			fileSystemSynchronizedGroups = (
				74EDFB412DB61EA80020FEAF /* FantasyApp */,
			);
			name = FantasyApp;
			packageProductDependencies = (
			);
			productName = FantasyApp;
			productReference = 74EDFB3F2DB61EA80020FEAF /* FantasyApp.app */;
			productType = "com.apple.product-type.application";
		};
		74EDFB4B2DB61EB20020FEAF /* FantasyAppTests */ = {
			isa = PBXNativeTarget;
			buildConfigurationList = 74EDFB632DB61EB20020FEAF /* Build configuration list for PBXNativeTarget "FantasyAppTests" */;
			buildPhases = (
				74EDFB482DB61EB20020FEAF /* Sources */,
				74EDFB492DB61EB20020FEAF /* Frameworks */,
				74EDFB4A2DB61EB20020FEAF /* Resources */,
			);
			buildRules = (
			);
			dependencies = (
				74EDFB4E2DB61EB20020FEAF /* PBXTargetDependency */,
			);
			fileSystemSynchronizedGroups = (
				74EDFB4F2DB61EB20020FEAF /* FantasyAppTests */,
			);
			name = FantasyAppTests;
			packageProductDependencies = (
			);
			productName = FantasyAppTests;
			productReference = 74EDFB4C2DB61EB20020FEAF /* FantasyAppTests.xctest */;
			productType = "com.apple.product-type.bundle.unit-test";
		};
		74EDFB552DB61EB20020FEAF /* FantasyAppUITests */ = {
			isa = PBXNativeTarget;
			buildConfigurationList = 74EDFB662DB61EB20020FEAF /* Build configuration list for PBXNativeTarget "FantasyAppUITests" */;
			buildPhases = (
				74EDFB522DB61EB20020FEAF /* Sources */,
				74EDFB532DB61EB20020FEAF /* Frameworks */,
				74EDFB542DB61EB20020FEAF /* Resources */,
			);
			buildRules = (
			);
			dependencies = (
				74EDFB582DB61EB20020FEAF /* PBXTargetDependency */,
			);
			fileSystemSynchronizedGroups = (
				74EDFB592DB61EB20020FEAF /* FantasyAppUITests */,
			);
			name = FantasyAppUITests;
			packageProductDependencies = (
			);
			productName = FantasyAppUITests;
			productReference = 74EDFB562DB61EB20020FEAF /* FantasyAppUITests.xctest */;
			productType = "com.apple.product-type.bundle.ui-testing";
		};
/* End PBXNativeTarget section */

/* Begin PBXProject section */
		74EDFB372DB61EA70020FEAF /* Project object */ = {
			isa = PBXProject;
			attributes = {
				BuildIndependentTargetsInParallel = 1;
				LastSwiftUpdateCheck = 1630;
				LastUpgradeCheck = 1630;
				TargetAttributes = {
					74EDFB3E2DB61EA70020FEAF = {
						CreatedOnToolsVersion = 16.3;
					};
					74EDFB4B2DB61EB20020FEAF = {
						CreatedOnToolsVersion = 16.3;
						TestTargetID = 74EDFB3E2DB61EA70020FEAF;
					};
					74EDFB552DB61EB20020FEAF = {
						CreatedOnToolsVersion = 16.3;
						TestTargetID = 74EDFB3E2DB61EA70020FEAF;
					};
				};
			};
			buildConfigurationList = 74EDFB3A2DB61EA70020FEAF /* Build configuration list for PBXProject "FantasyApp" */;
			developmentRegion = en;
			hasScannedForEncodings = 0;
			knownRegions = (
				en,
				Base,
			);
			mainGroup = 74EDFB362DB61EA70020FEAF;
			minimizedProjectReferenceProxies = 1;
			preferredProjectObjectVersion = 77;
			productRefGroup = 74EDFB402DB61EA80020FEAF /* Products */;
			projectDirPath = "";
			projectRoot = "";
			targets = (
				74EDFB3E2DB61EA70020FEAF /* FantasyApp */,
				74EDFB4B2DB61EB20020FEAF /* FantasyAppTests */,
				74EDFB552DB61EB20020FEAF /* FantasyAppUITests */,
			);
		};
/* End PBXProject section */

/* Begin PBXResourcesBuildPhase section */
		74EDFB3D2DB61EA70020FEAF /* Resources */ = {
			isa = PBXResourcesBuildPhase;
			buildActionMask = 2147483647;
			files = (
			);
			runOnlyForDeploymentPostprocessing = 0;
		};
		74EDFB4A2DB61EB20020FEAF /* Resources */ = {
			isa = PBXResourcesBuildPhase;
			buildActionMask = 2147483647;
			files = (
			);
			runOnlyForDeploymentPostprocessing = 0;
		};
		74EDFB542DB61EB20020FEAF /* Resources */ = {
			isa = PBXResourcesBuildPhase;
			buildActionMask = 2147483647;
			files = (
			);
			runOnlyForDeploymentPostprocessing = 0;
		};
/* End PBXResourcesBuildPhase section */

/* Begin PBXSourcesBuildPhase section */
		74EDFB3B2DB61EA70020FEAF /* Sources */ = {
			isa = PBXSourcesBuildPhase;
			buildActionMask = 2147483647;
			files = (
			);
			runOnlyForDeploymentPostprocessing = 0;
		};
		74EDFB482DB61EB20020FEAF /* Sources */ = {
			isa = PBXSourcesBuildPhase;
			buildActionMask = 2147483647;
			files = (
			);
			runOnlyForDeploymentPostprocessing = 0;
		};
		74EDFB522DB61EB20020FEAF /* Sources */ = {
			isa = PBXSourcesBuildPhase;
			buildActionMask = 2147483647;
			files = (
			);
			runOnlyForDeploymentPostprocessing = 0;
		};
/* End PBXSourcesBuildPhase section */

/* Begin PBXTargetDependency section */
		74EDFB4E2DB61EB20020FEAF /* PBXTargetDependency */ = {
			isa = PBXTargetDependency;
			target = 74EDFB3E2DB61EA70020FEAF /* FantasyApp */;
			targetProxy = 74EDFB4D2DB61EB20020FEAF /* PBXContainerItemProxy */;
		};
		74EDFB582DB61EB20020FEAF /* PBXTargetDependency */ = {
			isa = PBXTargetDependency;
			target = 74EDFB3E2DB61EA70020FEAF /* FantasyApp */;
			targetProxy = 74EDFB572DB61EB20020FEAF /* PBXContainerItemProxy */;
		};
/* End PBXTargetDependency section */

/* Begin XCBuildConfiguration section */
		74EDFB5E2DB61EB20020FEAF /* Debug */ = {
			isa = XCBuildConfiguration;
			buildSettings = {
				ALWAYS_SEARCH_USER_PATHS = NO;
				ASSETCATALOG_COMPILER_GENERATE_SWIFT_ASSET_SYMBOL_EXTENSIONS = YES;
				CLANG_ANALYZER_NONNULL = YES;
				CLANG_ANALYZER_NUMBER_OBJECT_CONVERSION = YES_AGGRESSIVE;
				CLANG_CXX_LANGUAGE_STANDARD = "gnu++20";
				CLANG_ENABLE_MODULES = YES;
				CLANG_ENABLE_OBJC_ARC = YES;
				CLANG_ENABLE_OBJC_WEAK = YES;
				CLANG_WARN_BLOCK_CAPTURE_AUTORELEASING = YES;
				CLANG_WARN_BOOL_CONVERSION = YES;
				CLANG_WARN_COMMA = YES;
				CLANG_WARN_CONSTANT_CONVERSION = YES;
				CLANG_WARN_DEPRECATED_OBJC_IMPLEMENTATIONS = YES;
				CLANG_WARN_DIRECT_OBJC_ISA_USAGE = YES_ERROR;
				CLANG_WARN_DOCUMENTATION_COMMENTS = YES;
				CLANG_WARN_EMPTY_BODY = YES;
				CLANG_WARN_ENUM_CONVERSION = YES;
				CLANG_WARN_INFINITE_RECURSION = YES;
				CLANG_WARN_INT_CONVERSION = YES;
				CLANG_WARN_NON_LITERAL_NULL_CONVERSION = YES;
				CLANG_WARN_OBJC_IMPLICIT_RETAIN_SELF = YES;
				CLANG_WARN_OBJC_LITERAL_CONVERSION = YES;
				CLANG_WARN_OBJC_ROOT_CLASS = YES_ERROR;
				CLANG_WARN_QUOTED_INCLUDE_IN_FRAMEWORK_HEADER = YES;
				CLANG_WARN_RANGE_LOOP_ANALYSIS = YES;
				CLANG_WARN_STRICT_PROTOTYPES = YES;
				CLANG_WARN_SUSPICIOUS_MOVE = YES;
				CLANG_WARN_UNGUARDED_AVAILABILITY = YES_AGGRESSIVE;
				CLANG_WARN_UNREACHABLE_CODE = YES;
				CLANG_WARN__DUPLICATE_METHOD_MATCH = YES;
				COPY_PHASE_STRIP = NO;
				DEBUG_INFORMATION_FORMAT = dwarf;
				DEVELOPMENT_TEAM = AR96G2U34V;
				ENABLE_STRICT_OBJC_MSGSEND = YES;
				ENABLE_TESTABILITY = YES;
				ENABLE_USER_SCRIPT_SANDBOXING = YES;
				GCC_C_LANGUAGE_STANDARD = gnu17;
				GCC_DYNAMIC_NO_PIC = NO;
				GCC_NO_COMMON_BLOCKS = YES;
				GCC_OPTIMIZATION_LEVEL = 0;
				GCC_PREPROCESSOR_DEFINITIONS = (
					"DEBUG=1",
					"$(inherited)",
				);
				GCC_WARN_64_TO_32_BIT_CONVERSION = YES;
				GCC_WARN_ABOUT_RETURN_TYPE = YES_ERROR;
				GCC_WARN_UNDECLARED_SELECTOR = YES;
				GCC_WARN_UNINITIALIZED_AUTOS = YES_AGGRESSIVE;
				GCC_WARN_UNUSED_FUNCTION = YES;
				GCC_WARN_UNUSED_VARIABLE = YES;
				IPHONEOS_DEPLOYMENT_TARGET = 18.4;
				LOCALIZATION_PREFERS_STRING_CATALOGS = YES;
				MTL_ENABLE_DEBUG_INFO = INCLUDE_SOURCE;
				MTL_FAST_MATH = YES;
				ONLY_ACTIVE_ARCH = YES;
				SDKROOT = iphoneos;
				SWIFT_ACTIVE_COMPILATION_CONDITIONS = "DEBUG $(inherited)";
				SWIFT_OPTIMIZATION_LEVEL = "-Onone";
			};
			name = Debug;
		};
		74EDFB5F2DB61EB20020FEAF /* Release */ = {
			isa = XCBuildConfiguration;
			buildSettings = {
				ALWAYS_SEARCH_USER_PATHS = NO;
				ASSETCATALOG_COMPILER_GENERATE_SWIFT_ASSET_SYMBOL_EXTENSIONS = YES;
				CLANG_ANALYZER_NONNULL = YES;
				CLANG_ANALYZER_NUMBER_OBJECT_CONVERSION = YES_AGGRESSIVE;
				CLANG_CXX_LANGUAGE_STANDARD = "gnu++20";
				CLANG_ENABLE_MODULES = YES;
				CLANG_ENABLE_OBJC_ARC = YES;
				CLANG_ENABLE_OBJC_WEAK = YES;
				CLANG_WARN_BLOCK_CAPTURE_AUTORELEASING = YES;
				CLANG_WARN_BOOL_CONVERSION = YES;
				CLANG_WARN_COMMA = YES;
				CLANG_WARN_CONSTANT_CONVERSION = YES;
				CLANG_WARN_DEPRECATED_OBJC_IMPLEMENTATIONS = YES;
				CLANG_WARN_DIRECT_OBJC_ISA_USAGE = YES_ERROR;
				CLANG_WARN_DOCUMENTATION_COMMENTS = YES;
				CLANG_WARN_EMPTY_BODY = YES;
				CLANG_WARN_ENUM_CONVERSION = YES;
				CLANG_WARN_INFINITE_RECURSION = YES;
				CLANG_WARN_INT_CONVERSION = YES;
				CLANG_WARN_NON_LITERAL_NULL_CONVERSION = YES;
				CLANG_WARN_OBJC_IMPLICIT_RETAIN_SELF = YES;
				CLANG_WARN_OBJC_LITERAL_CONVERSION = YES;
				CLANG_WARN_OBJC_ROOT_CLASS = YES_ERROR;
				CLANG_WARN_QUOTED_INCLUDE_IN_FRAMEWORK_HEADER = YES;
				CLANG_WARN_RANGE_LOOP_ANALYSIS = YES;
				CLANG_WARN_STRICT_PROTOTYPES = YES;
				CLANG_WARN_SUSPICIOUS_MOVE = YES;
				CLANG_WARN_UNGUARDED_AVAILABILITY = YES_AGGRESSIVE;
				CLANG_WARN_UNREACHABLE_CODE = YES;
				CLANG_WARN__DUPLICATE_METHOD_MATCH = YES;
				COPY_PHASE_STRIP = NO;
				DEBUG_INFORMATION_FORMAT = "dwarf-with-dsym";
				DEVELOPMENT_TEAM = AR96G2U34V;
				ENABLE_NS_ASSERTIONS = NO;
				ENABLE_STRICT_OBJC_MSGSEND = YES;
				ENABLE_USER_SCRIPT_SANDBOXING = YES;
				GCC_C_LANGUAGE_STANDARD = gnu17;
				GCC_NO_COMMON_BLOCKS = YES;
				GCC_WARN_64_TO_32_BIT_CONVERSION = YES;
				GCC_WARN_ABOUT_RETURN_TYPE = YES_ERROR;
				GCC_WARN_UNDECLARED_SELECTOR = YES;
				GCC_WARN_UNINITIALIZED_AUTOS = YES_AGGRESSIVE;
				GCC_WARN_UNUSED_FUNCTION = YES;
				GCC_WARN_UNUSED_VARIABLE = YES;
				IPHONEOS_DEPLOYMENT_TARGET = 18.4;
				LOCALIZATION_PREFERS_STRING_CATALOGS = YES;
				MTL_ENABLE_DEBUG_INFO = NO;
				MTL_FAST_MATH = YES;
				SDKROOT = iphoneos;
				SWIFT_COMPILATION_MODE = wholemodule;
				VALIDATE_PRODUCT = YES;
			};
			name = Release;
		};
		74EDFB612DB61EB20020FEAF /* Debug */ = {
			isa = XCBuildConfiguration;
			buildSettings = {
				ASSETCATALOG_COMPILER_APPICON_NAME = AppIcon;
				ASSETCATALOG_COMPILER_GLOBAL_ACCENT_COLOR_NAME = AccentColor;
				CODE_SIGN_STYLE = Automatic;
				CURRENT_PROJECT_VERSION = 1;
				DEVELOPMENT_TEAM = AR96G2U34V;
				ENABLE_PREVIEWS = YES;
				GENERATE_INFOPLIST_FILE = YES;
				INFOPLIST_KEY_UIApplicationSceneManifest_Generation = YES;
				INFOPLIST_KEY_UIApplicationSupportsIndirectInputEvents = YES;
				INFOPLIST_KEY_UILaunchScreen_Generation = YES;
				INFOPLIST_KEY_UISupportedInterfaceOrientations_iPad = "UIInterfaceOrientationPortrait UIInterfaceOrientationPortraitUpsideDown UIInterfaceOrientationLandscapeLeft UIInterfaceOrientationLandscapeRight";
				INFOPLIST_KEY_UISupportedInterfaceOrientations_iPhone = "UIInterfaceOrientationPortrait UIInterfaceOrientationLandscapeLeft UIInterfaceOrientationLandscapeRight";
				LD_RUNPATH_SEARCH_PATHS = (
					"$(inherited)",
					"@executable_path/Frameworks",
				);
				MARKETING_VERSION = 1.0;
				PRODUCT_BUNDLE_IDENTIFIER = com.joel.FantasyApp;
				PRODUCT_NAME = "$(TARGET_NAME)";
				SWIFT_EMIT_LOC_STRINGS = YES;
				SWIFT_VERSION = 5.0;
				TARGETED_DEVICE_FAMILY = "1,2";
			};
			name = Debug;
		};
		74EDFB622DB61EB20020FEAF /* Release */ = {
			isa = XCBuildConfiguration;
			buildSettings = {
				ASSETCATALOG_COMPILER_APPICON_NAME = AppIcon;
				ASSETCATALOG_COMPILER_GLOBAL_ACCENT_COLOR_NAME = AccentColor;
				CODE_SIGN_STYLE = Automatic;
				CURRENT_PROJECT_VERSION = 1;
				DEVELOPMENT_TEAM = AR96G2U34V;
				ENABLE_PREVIEWS = YES;
				GENERATE_INFOPLIST_FILE = YES;
				INFOPLIST_KEY_UIApplicationSceneManifest_Generation = YES;
				INFOPLIST_KEY_UIApplicationSupportsIndirectInputEvents = YES;
				INFOPLIST_KEY_UILaunchScreen_Generation = YES;
				INFOPLIST_KEY_UISupportedInterfaceOrientations_iPad = "UIInterfaceOrientationPortrait UIInterfaceOrientationPortraitUpsideDown UIInterfaceOrientationLandscapeLeft UIInterfaceOrientationLandscapeRight";
				INFOPLIST_KEY_UISupportedInterfaceOrientations_iPhone = "UIInterfaceOrientationPortrait UIInterfaceOrientationLandscapeLeft UIInterfaceOrientationLandscapeRight";
				LD_RUNPATH_SEARCH_PATHS = (
					"$(inherited)",
					"@executable_path/Frameworks",
				);
				MARKETING_VERSION = 1.0;
				PRODUCT_BUNDLE_IDENTIFIER = com.joel.FantasyApp;
				PRODUCT_NAME = "$(TARGET_NAME)";
				SWIFT_EMIT_LOC_STRINGS = YES;
				SWIFT_VERSION = 5.0;
				TARGETED_DEVICE_FAMILY = "1,2";
			};
			name = Release;
		};
		74EDFB642DB61EB20020FEAF /* Debug */ = {
			isa = XCBuildConfiguration;
			buildSettings = {
				BUNDLE_LOADER = "$(TEST_HOST)";
				CODE_SIGN_STYLE = Automatic;
				CURRENT_PROJECT_VERSION = 1;
				DEVELOPMENT_TEAM = AR96G2U34V;
				GENERATE_INFOPLIST_FILE = YES;
				IPHONEOS_DEPLOYMENT_TARGET = 18.4;
				MARKETING_VERSION = 1.0;
				PRODUCT_BUNDLE_IDENTIFIER = com.joel.FantasyAppTests;
				PRODUCT_NAME = "$(TARGET_NAME)";
				SWIFT_EMIT_LOC_STRINGS = NO;
				SWIFT_VERSION = 5.0;
				TARGETED_DEVICE_FAMILY = "1,2";
				TEST_HOST = "$(BUILT_PRODUCTS_DIR)/FantasyApp.app/$(BUNDLE_EXECUTABLE_FOLDER_PATH)/FantasyApp";
			};
			name = Debug;
		};
		74EDFB652DB61EB20020FEAF /* Release */ = {
			isa = XCBuildConfiguration;
			buildSettings = {
				BUNDLE_LOADER = "$(TEST_HOST)";
				CODE_SIGN_STYLE = Automatic;
				CURRENT_PROJECT_VERSION = 1;
				DEVELOPMENT_TEAM = AR96G2U34V;
				GENERATE_INFOPLIST_FILE = YES;
				IPHONEOS_DEPLOYMENT_TARGET = 18.4;
				MARKETING_VERSION = 1.0;
				PRODUCT_BUNDLE_IDENTIFIER = com.joel.FantasyAppTests;
				PRODUCT_NAME = "$(TARGET_NAME)";
				SWIFT_EMIT_LOC_STRINGS = NO;
				SWIFT_VERSION = 5.0;
				TARGETED_DEVICE_FAMILY = "1,2";
				TEST_HOST = "$(BUILT_PRODUCTS_DIR)/FantasyApp.app/$(BUNDLE_EXECUTABLE_FOLDER_PATH)/FantasyApp";
			};
			name = Release;
		};
		74EDFB672DB61EB20020FEAF /* Debug */ = {
			isa = XCBuildConfiguration;
			buildSettings = {
				CODE_SIGN_STYLE = Automatic;
				CURRENT_PROJECT_VERSION = 1;
				DEVELOPMENT_TEAM = AR96G2U34V;
				GENERATE_INFOPLIST_FILE = YES;
				MARKETING_VERSION = 1.0;
				PRODUCT_BUNDLE_IDENTIFIER = com.joel.FantasyAppUITests;
				PRODUCT_NAME = "$(TARGET_NAME)";
				SWIFT_EMIT_LOC_STRINGS = NO;
				SWIFT_VERSION = 5.0;
				TARGETED_DEVICE_FAMILY = "1,2";
				TEST_TARGET_NAME = FantasyApp;
			};
			name = Debug;
		};
		74EDFB682DB61EB20020FEAF /* Release */ = {
			isa = XCBuildConfiguration;
			buildSettings = {
				CODE_SIGN_STYLE = Automatic;
				CURRENT_PROJECT_VERSION = 1;
				DEVELOPMENT_TEAM = AR96G2U34V;
				GENERATE_INFOPLIST_FILE = YES;
				MARKETING_VERSION = 1.0;
				PRODUCT_BUNDLE_IDENTIFIER = com.joel.FantasyAppUITests;
				PRODUCT_NAME = "$(TARGET_NAME)";
				SWIFT_EMIT_LOC_STRINGS = NO;
				SWIFT_VERSION = 5.0;
				TARGETED_DEVICE_FAMILY = "1,2";
				TEST_TARGET_NAME = FantasyApp;
			};
			name = Release;
		};
/* End XCBuildConfiguration section */

/* Begin XCConfigurationList section */
		74EDFB3A2DB61EA70020FEAF /* Build configuration list for PBXProject "FantasyApp" */ = {
			isa = XCConfigurationList;
			buildConfigurations = (
				74EDFB5E2DB61EB20020FEAF /* Debug */,
				74EDFB5F2DB61EB20020FEAF /* Release */,
			);
			defaultConfigurationIsVisible = 0;
			defaultConfigurationName = Release;
		};
		74EDFB602DB61EB20020FEAF /* Build configuration list for PBXNativeTarget "FantasyApp" */ = {
			isa = XCConfigurationList;
			buildConfigurations = (
				74EDFB612DB61EB20020FEAF /* Debug */,
				74EDFB622DB61EB20020FEAF /* Release */,
			);
			defaultConfigurationIsVisible = 0;
			defaultConfigurationName = Release;
		};
		74EDFB632DB61EB20020FEAF /* Build configuration list for PBXNativeTarget "FantasyAppTests" */ = {
			isa = XCConfigurationList;
			buildConfigurations = (
				74EDFB642DB61EB20020FEAF /* Debug */,
				74EDFB652DB61EB20020FEAF /* Release */,
			);
			defaultConfigurationIsVisible = 0;
			defaultConfigurationName = Release;
		};
		74EDFB662DB61EB20020FEAF /* Build configuration list for PBXNativeTarget "FantasyAppUITests" */ = {
			isa = XCConfigurationList;
			buildConfigurations = (
				74EDFB672DB61EB20020FEAF /* Debug */,
				74EDFB682DB61EB20020FEAF /* Release */,
			);
			defaultConfigurationIsVisible = 0;
			defaultConfigurationName = Release;
		};
/* End XCConfigurationList section */
	};
	rootObject = 74EDFB372DB61EA70020FEAF /* Project object */;
}
